
Microsoft Visual Studio Solution File, Format Version 12.00
# Visual Studio Version 17
VisualStudioVersion = 17.0.31903.59
MinimumVisualStudioVersion = 10.0.40219.1
Project("{2150E333-8FDC-42A3-9474-1A3956D46DE8}") = "editor", "editor", "{28251423-8E50-9DF4-F913-DC1FAAA673F1}"
EndProject
Project("{FAE04EC0-301F-11D3-BF4B-00C04F79EFBC}") = "DisciplesRemaster.Editor", "editor\DisciplesRemaster.Editor\DisciplesRemaster.Editor.csproj", "{F18D87F1-44C6-4070-ABD3-B06C866FBB8B}"
EndProject
Project("{2150E333-8FDC-42A3-9474-1A3956D46DE8}") = "game", "game", "{AE49D761-A782-2099-29A5-159B937B43CB}"
EndProject
Project("{FAE04EC0-301F-11D3-BF4B-00C04F79EFBC}") = "DisciplesRemaster.Godot", "game\DisciplesRemaster.Godot\DisciplesRemaster.Godot.csproj", "{342B8BC4-EB81-4B93-8A39-C4CF547A7476}"
EndProject
Project("{2150E333-8FDC-42A3-9474-1A3956D46DE8}") = "src", "src", "{827E0CD3-B72D-47B6-A68D-7590B98EB39B}"
EndProject
Project("{FAE04EC0-301F-11D3-BF4B-00C04F79EFBC}") = "DisciplesRemaster.Content", "src\DisciplesRemaster.Content\DisciplesRemaster.Content.csproj", "{CBDF08B5-A543-4866-BB62-A02FFE838117}"
EndProject
Project("{FAE04EC0-301F-11D3-BF4B-00C04F79EFBC}") = "DisciplesRemaster.Core", "src\DisciplesRemaster.Core\DisciplesRemaster.Core.csproj", "{82246ECC-03A2-4F18-AAEB-E0654E898199}"
EndProject
Project("{FAE04EC0-301F-11D3-BF4B-00C04F79EFBC}") = "DisciplesRemaster.OriginalGame", "src\DisciplesRemaster.OriginalGame\DisciplesRemaster.OriginalGame.csproj", "{3567AE8E-6A45-46E8-A19D-EDFE3B30B0F4}"
EndProject
Project("{FAE04EC0-301F-11D3-BF4B-00C04F79EFBC}") = "DisciplesRemaster.Persistence", "src\DisciplesRemaster.Persistence\DisciplesRemaster.Persistence.csproj", "{4E909BEE-2791-4D35-B788-559A73A14044}"
EndProject
Project("{2150E333-8FDC-42A3-9474-1A3956D46DE8}") = "tests", "tests", "{0AB3BF05-4346-4AA6-1389-037BE0695223}"
EndProject
Project("{FAE04EC0-301F-11D3-BF4B-00C04F79EFBC}") = "DisciplesRemaster.Content.Tests", "tests\DisciplesRemaster.Content.Tests\DisciplesRemaster.Content.Tests.csproj", "{ABF9651E-F605-43AF-B3AC-B4D98CD44248}"
EndProject
Project("{FAE04EC0-301F-11D3-BF4B-00C04F79EFBC}") = "DisciplesRemaster.Core.Tests", "tests\DisciplesRemaster.Core.Tests\DisciplesRemaster.Core.Tests.csproj", "{7715F259-6A17-4019-ACFA-56D501F020BD}"
EndProject
Project("{FAE04EC0-301F-11D3-BF4B-00C04F79EFBC}") = "DisciplesRemaster.OriginalGame.Tests", "tests\DisciplesRemaster.OriginalGame.Tests\DisciplesRemaster.OriginalGame.Tests.csproj", "{633EAA57-2F72-4B99-9869-1D9BE569892C}"
EndProject
Project("{FAE04EC0-301F-11D3-BF4B-00C04F79EFBC}") = "DisciplesRemaster.Tools.Tests", "tests\DisciplesRemaster.Tools.Tests\DisciplesRemaster.Tools.Tests.csproj", "{DC3A7363-4A8B-4BBE-A7D2-AE008D269BB3}"
EndProject
Project("{2150E333-8FDC-42A3-9474-1A3956D46DE8}") = "tools", "tools", "{07C2787E-EAC7-C090-1BA3-A61EC2A24D84}"
EndProject
Project("{FAE04EC0-301F-11D3-BF4B-00C04F79EFBC}") = "DisciplesRemaster.BinaryDiff", "tools\DisciplesRemaster.BinaryDiff\DisciplesRemaster.BinaryDiff.csproj", "{C7C26CCB-994E-41FB-B7EE-17B8BC0367DA}"
EndProject
Project("{FAE04EC0-301F-11D3-BF4B-00C04F79EFBC}") = "DisciplesRemaster.FileInventory", "tools\DisciplesRemaster.FileInventory\DisciplesRemaster.FileInventory.csproj", "{AE0C745B-020A-4EB6-8DC1-EA15D085333B}"
EndProject
Project("{FAE04EC0-301F-11D3-BF4B-00C04F79EFBC}") = "DisciplesRemaster.MapInspector", "tools\DisciplesRemaster.MapInspector\DisciplesRemaster.MapInspector.csproj", "{D6C2FB6D-19AC-4D95-9A16-BA312F10F2E0}"
EndProject
Project("{FAE04EC0-301F-11D3-BF4B-00C04F79EFBC}") = "DisciplesRemaster.Persistence.Tests", "tests\DisciplesRemaster.Persistence.Tests\DisciplesRemaster.Persistence.Tests.csproj", "{C54DADEA-5F72-4E1A-B46E-3A9FD0493869}"
EndProject
Project("{FAE04EC0-301F-11D3-BF4B-00C04F79EFBC}") = "DisciplesRemaster.Editor.Tests", "tests\DisciplesRemaster.Editor.Tests\DisciplesRemaster.Editor.Tests.csproj", "{B23AF082-AB59-49F0-8E18-8C0A587835C9}"
EndProject
Project("{FAE04EC0-301F-11D3-BF4B-00C04F79EFBC}") = "DisciplesRemaster.Game.Tests", "tests\DisciplesRemaster.Game.Tests\DisciplesRemaster.Game.Tests.csproj", "{3D2B86E3-CFE8-4346-90A5-16BBBBD40D8D}"
EndProject
Project("{FAE04EC0-301F-11D3-BF4B-00C04F79EFBC}") = "DisciplesRemaster.Architecture.Tests", "tests\DisciplesRemaster.Architecture.Tests\DisciplesRemaster.Architecture.Tests.csproj", "{A0DEADA9-B32E-4B40-944D-56B48D7B18D9}"
EndProject
Global
	GlobalSection(SolutionConfigurationPlatforms) = preSolution
		Debug|Any CPU = Debug|Any CPU
		Debug|x64 = Debug|x64
		Debug|x86 = Debug|x86
		Release|Any CPU = Release|Any CPU
		Release|x64 = Release|x64
		Release|x86 = Release|x86
	EndGlobalSection
	GlobalSection(ProjectConfigurationPlatforms) = postSolution
		{F18D87F1-44C6-4070-ABD3-B06C866FBB8B}.Debug|Any CPU.ActiveCfg = Debug|Any CPU
		{F18D87F1-44C6-4070-ABD3-B06C866FBB8B}.Debug|Any CPU.Build.0 = Debug|Any CPU
		{F18D87F1-44C6-4070-ABD3-B06C866FBB8B}.Debug|x64.ActiveCfg = Debug|Any CPU
		{F18D87F1-44C6-4070-ABD3-B06C866FBB8B}.Debug|x64.Build.0 = Debug|Any CPU
		{F18D87F1-44C6-4070-ABD3-B06C866FBB8B}.Debug|x86.ActiveCfg = Debug|Any CPU
		{F18D87F1-44C6-4070-ABD3-B06C866FBB8B}.Debug|x86.Build.0 = Debug|Any CPU
		{F18D87F1-44C6-4070-ABD3-B06C866FBB8B}.Release|Any CPU.ActiveCfg = Release|Any CPU
		{F18D87F1-44C6-4070-ABD3-B06C866FBB8B}.Release|Any CPU.Build.0 = Release|Any CPU
		{F18D87F1-44C6-4070-ABD3-B06C866FBB8B}.Release|x64.ActiveCfg = Release|Any CPU
		{F18D87F1-44C6-4070-ABD3-B06C866FBB8B}.Release|x64.Build.0 = Release|Any CPU
		{F18D87F1-44C6-4070-ABD3-B06C866FBB8B}.Release|x86.ActiveCfg = Release|Any CPU
		{F18D87F1-44C6-4070-ABD3-B06C866FBB8B}.Release|x86.Build.0 = Release|Any CPU
		{342B8BC4-EB81-4B93-8A39-C4CF547A7476}.Debug|Any CPU.ActiveCfg = Debug|Any CPU
		{342B8BC4-EB81-4B93-8A39-C4CF547A7476}.Debug|Any CPU.Build.0 = Debug|Any CPU
		{342B8BC4-EB81-4B93-8A39-C4CF547A7476}.Debug|x64.ActiveCfg = Debug|Any CPU
		{342B8BC4-EB81-4B93-8A39-C4CF547A7476}.Debug|x64.Build.0 = Debug|Any CPU
		{342B8BC4-EB81-4B93-8A39-C4CF547A7476}.Debug|x86.ActiveCfg = Debug|Any CPU
		{342B8BC4-EB81-4B93-8A39-C4CF547A7476}.Debug|x86.Build.0 = Debug|Any CPU
		{342B8BC4-EB81-4B93-8A39-C4CF547A7476}.Release|Any CPU.ActiveCfg = Release|Any CPU
		{342B8BC4-EB81-4B93-8A39-C4CF547A7476}.Release|Any CPU.Build.0 = Release|Any CPU
		{342B8BC4-EB81-4B93-8A39-C4CF547A7476}.Release|x64.ActiveCfg = Release|Any CPU
		{342B8BC4-EB81-4B93-8A39-C4CF547A7476}.Release|x64.Build.0 = Release|Any CPU
		{342B8BC4-EB81-4B93-8A39-C4CF547A7476}.Release|x86.ActiveCfg = Release|Any CPU
		{342B8BC4-EB81-4B93-8A39-C4CF547A7476}.Release|x86.Build.0 = Release|Any CPU
		{CBDF08B5-A543-4866-BB62-A02FFE838117}.Debug|Any CPU.ActiveCfg = Debug|Any CPU
		{CBDF08B5-A543-4866-BB62-A02FFE838117}.Debug|Any CPU.Build.0 = Debug|Any CPU
		{CBDF08B5-A543-4866-BB62-A02FFE838117}.Debug|x64.ActiveCfg = Debug|Any CPU
		{CBDF08B5-A543-4866-BB62-A02FFE838117}.Debug|x64.Build.0 = Debug|Any CPU
		{CBDF08B5-A543-4866-BB62-A02FFE838117}.Debug|x86.ActiveCfg = Debug|Any CPU
		{CBDF08B5-A543-4866-BB62-A02FFE838117}.Debug|x86.Build.0 = Debug|Any CPU
		{CBDF08B5-A543-4866-BB62-A02FFE838117}.Release|Any CPU.ActiveCfg = Release|Any CPU
		{CBDF08B5-A543-4866-BB62-A02FFE838117}.Release|Any CPU.Build.0 = Release|Any CPU
		{CBDF08B5-A543-4866-BB62-A02FFE838117}.Release|x64.ActiveCfg = Release|Any CPU
		{CBDF08B5-A543-4866-BB62-A02FFE838117}.Release|x64.Build.0 = Release|Any CPU
		{CBDF08B5-A543-4866-BB62-A02FFE838117}.Release|x86.ActiveCfg = Release|Any CPU
		{CBDF08B5-A543-4866-BB62-A02FFE838117}.Release|x86.Build.0 = Release|Any CPU
		{82246ECC-03A2-4F18-AAEB-E0654E898199}.Debug|Any CPU.ActiveCfg = Debug|Any CPU
		{82246ECC-03A2-4F18-AAEB-E0654E898199}.Debug|Any CPU.Build.0 = Debug|Any CPU
		{82246ECC-03A2-4F18-AAEB-E0654E898199}.Debug|x64.ActiveCfg = Debug|Any CPU
		{82246ECC-03A2-4F18-AAEB-E0654E898199}.Debug|x64.Build.0 = Debug|Any CPU
		{82246ECC-03A2-4F18-AAEB-E0654E898199}.Debug|x86.ActiveCfg = Debug|Any CPU
		{82246ECC-03A2-4F18-AAEB-E0654E898199}.Debug|x86.Build.0 = Debug|Any CPU
		{82246ECC-03A2-4F18-AAEB-E0654E898199}.Release|Any CPU.ActiveCfg = Release|Any CPU
		{82246ECC-03A2-4F18-AAEB-E0654E898199}.Release|Any CPU.Build.0 = Release|Any CPU
		{82246ECC-03A2-4F18-AAEB-E0654E898199}.Release|x64.ActiveCfg = Release|Any CPU
		{82246ECC-03A2-4F18-AAEB-E0654E898199}.Release|x64.Build.0 = Release|Any CPU
		{82246ECC-03A2-4F18-AAEB-E0654E898199}.Release|x86.ActiveCfg = Release|Any CPU
		{82246ECC-03A2-4F18-AAEB-E0654E898199}.Release|x86.Build.0 = Release|Any CPU
		{3567AE8E-6A45-46E8-A19D-EDFE3B30B0F4}.Debug|Any CPU.ActiveCfg = Debug|Any CPU
		{3567AE8E-6A45-46E8-A19D-EDFE3B30B0F4}.Debug|Any CPU.Build.0 = Debug|Any CPU
		{3567AE8E-6A45-46E8-A19D-EDFE3B30B0F4}.Debug|x64.ActiveCfg = Debug|Any CPU
		{3567AE8E-6A45-46E8-A19D-EDFE3B30B0F4}.Debug|x64.Build.0 = Debug|Any CPU
		{3567AE8E-6A45-46E8-A19D-EDFE3B30B0F4}.Debug|x86.ActiveCfg = Debug|Any CPU
		{3567AE8E-6A45-46E8-A19D-EDFE3B30B0F4}.Debug|x86.Build.0 = Debug|Any CPU
		{3567AE8E-6A45-46E8-A19D-EDFE3B30B0F4}.Release|Any CPU.ActiveCfg = Release|Any CPU
		{3567AE8E-6A45-46E8-A19D-EDFE3B30B0F4}.Release|Any CPU.Build.0 = Release|Any CPU
		{3567AE8E-6A45-46E8-A19D-EDFE3B30B0F4}.Release|x64.ActiveCfg = Release|Any CPU
		{3567AE8E-6A45-46E8-A19D-EDFE3B30B0F4}.Release|x64.Build.0 = Release|Any CPU
		{3567AE8E-6A45-46E8-A19D-EDFE3B30B0F4}.Release|x86.ActiveCfg = Release|Any CPU
		{3567AE8E-6A45-46E8-A19D-EDFE3B30B0F4}.Release|x86.Build.0 = Release|Any CPU
		{4E909BEE-2791-4D35-B788-559A73A14044}.Debug|Any CPU.ActiveCfg = Debug|Any CPU
		{4E909BEE-2791-4D35-B788-559A73A14044}.Debug|Any CPU.Build.0 = Debug|Any CPU
		{4E909BEE-2791-4D35-B788-559A73A14044}.Debug|x64.ActiveCfg = Debug|Any CPU
		{4E909BEE-2791-4D35-B788-559A73A14044}.Debug|x64.Build.0 = Debug|Any CPU
		{4E909BEE-2791-4D35-B788-559A73A14044}.Debug|x86.ActiveCfg = Debug|Any CPU
		{4E909BEE-2791-4D35-B788-559A73A14044}.Debug|x86.Build.0 = Debug|Any CPU
		{4E909BEE-2791-4D35-B788-559A73A14044}.Release|Any CPU.ActiveCfg = Release|Any CPU
		{4E909BEE-2791-4D35-B788-559A73A14044}.Release|Any CPU.Build.0 = Release|Any CPU
		{4E909BEE-2791-4D35-B788-559A73A14044}.Release|x64.ActiveCfg = Release|Any CPU
		{4E909BEE-2791-4D35-B788-559A73A14044}.Release|x64.Build.0 = Release|Any CPU
		{4E909BEE-2791-4D35-B788-559A73A14044}.Release|x86.ActiveCfg = Release|Any CPU
		{4E909BEE-2791-4D35-B788-559A73A14044}.Release|x86.Build.0 = Release|Any CPU
		{ABF9651E-F605-43AF-B3AC-B4D98CD44248}.Debug|Any CPU.ActiveCfg = Debug|Any CPU
		{ABF9651E-F605-43AF-B3AC-B4D98CD44248}.Debug|Any CPU.Build.0 = Debug|Any CPU
		{ABF9651E-F605-43AF-B3AC-B4D98CD44248}.Debug|x64.ActiveCfg = Debug|Any CPU
		{ABF9651E-F605-43AF-B3AC-B4D98CD44248}.Debug|x64.Build.0 = Debug|Any CPU
		{ABF9651E-F605-43AF-B3AC-B4D98CD44248}.Debug|x86.ActiveCfg = Debug|Any CPU
		{ABF9651E-F605-43AF-B3AC-B4D98CD44248}.Debug|x86.Build.0 = Debug|Any CPU
		{ABF9651E-F605-43AF-B3AC-B4D98CD44248}.Release|Any CPU.ActiveCfg = Release|Any CPU
		{ABF9651E-F605-43AF-B3AC-B4D98CD44248}.Release|Any CPU.Build.0 = Release|Any CPU
		{ABF9651E-F605-43AF-B3AC-B4D98CD44248}.Release|x64.ActiveCfg = Release|Any CPU
		{ABF9651E-F605-43AF-B3AC-B4D98CD44248}.Release|x64.Build.0 = Release|Any CPU
		{ABF9651E-F605-43AF-B3AC-B4D98CD44248}.Release|x86.ActiveCfg = Release|Any CPU
		{ABF9651E-F605-43AF-B3AC-B4D98CD44248}.Release|x86.Build.0 = Release|Any CPU
		{7715F259-6A17-4019-ACFA-56D501F020BD}.Debug|Any CPU.ActiveCfg = Debug|Any CPU
		{7715F259-6A17-4019-ACFA-56D501F020BD}.Debug|Any CPU.Build.0 = Debug|Any CPU
		{7715F259-6A17-4019-ACFA-56D501F020BD}.Debug|x64.ActiveCfg = Debug|Any CPU
		{7715F259-6A17-4019-ACFA-56D501F020BD}.Debug|x64.Build.0 = Debug|Any CPU
		{7715F259-6A17-4019-ACFA-56D501F020BD}.Debug|x86.ActiveCfg = Debug|Any CPU
		{7715F259-6A17-4019-ACFA-56D501F020BD}.Debug|x86.Build.0 = Debug|Any CPU
		{7715F259-6A17-4019-ACFA-56D501F020BD}.Release|Any CPU.ActiveCfg = Release|Any CPU
		{7715F259-6A17-4019-ACFA-56D501F020BD}.Release|Any CPU.Build.0 = Release|Any CPU
		{7715F259-6A17-4019-ACFA-56D501F020BD}.Release|x64.ActiveCfg = Release|Any CPU
		{7715F259-6A17-4019-ACFA-56D501F020BD}.Release|x64.Build.0 = Release|Any CPU
		{7715F259-6A17-4019-ACFA-56D501F020BD}.Release|x86.ActiveCfg = Release|Any CPU
		{7715F259-6A17-4019-ACFA-56D501F020BD}.Release|x86.Build.0 = Release|Any CPU
		{633EAA57-2F72-4B99-9869-1D9BE569892C}.Debug|Any CPU.ActiveCfg = Debug|Any CPU
		{633EAA57-2F72-4B99-9869-1D9BE569892C}.Debug|Any CPU.Build.0 = Debug|Any CPU
		{633EAA57-2F72-4B99-9869-1D9BE569892C}.Debug|x64.ActiveCfg = Debug|Any CPU
		{633EAA57-2F72-4B99-9869-1D9BE569892C}.Debug|x64.Build.0 = Debug|Any CPU
		{633EAA57-2F72-4B99-9869-1D9BE569892C}.Debug|x86.ActiveCfg = Debug|Any CPU
		{633EAA57-2F72-4B99-9869-1D9BE569892C}.Debug|x86.Build.0 = Debug|Any CPU
		{633EAA57-2F72-4B99-9869-1D9BE569892C}.Release|Any CPU.ActiveCfg = Release|Any CPU
		{633EAA57-2F72-4B99-9869-1D9BE569892C}.Release|Any CPU.Build.0 = Release|Any CPU
		{633EAA57-2F72-4B99-9869-1D9BE569892C}.Release|x64.ActiveCfg = Release|Any CPU
		{633EAA57-2F72-4B99-9869-1D9BE569892C}.Release|x64.Build.0 = Release|Any CPU
		{633EAA57-2F72-4B99-9869-1D9BE569892C}.Release|x86.ActiveCfg = Release|Any CPU
		{633EAA57-2F72-4B99-9869-1D9BE569892C}.Release|x86.Build.0 = Release|Any CPU
		{DC3A7363-4A8B-4BBE-A7D2-AE008D269BB3}.Debug|Any CPU.ActiveCfg = Debug|Any CPU
		{DC3A7363-4A8B-4BBE-A7D2-AE008D269BB3}.Debug|Any CPU.Build.0 = Debug|Any CPU
		{DC3A7363-4A8B-4BBE-A7D2-AE008D269BB3}.Debug|x64.ActiveCfg = Debug|Any CPU
		{DC3A7363-4A8B-4BBE-A7D2-AE008D269BB3}.Debug|x64.Build.0 = Debug|Any CPU
		{DC3A7363-4A8B-4BBE-A7D2-AE008D269BB3}.Debug|x86.ActiveCfg = Debug|Any CPU
		{DC3A7363-4A8B-4BBE-A7D2-AE008D269BB3}.Debug|x86.Build.0 = Debug|Any CPU
		{DC3A7363-4A8B-4BBE-A7D2-AE008D269BB3}.Release|Any CPU.ActiveCfg = Release|Any CPU
		{DC3A7363-4A8B-4BBE-A7D2-AE008D269BB3}.Release|Any CPU.Build.0 = Release|Any CPU
		{DC3A7363-4A8B-4BBE-A7D2-AE008D269BB3}.Release|x64.ActiveCfg = Release|Any CPU
		{DC3A7363-4A8B-4BBE-A7D2-AE008D269BB3}.Release|x64.Build.0 = Release|Any CPU
		{DC3A7363-4A8B-4BBE-A7D2-AE008D269BB3}.Release|x86.ActiveCfg = Release|Any CPU
		{DC3A7363-4A8B-4BBE-A7D2-AE008D269BB3}.Release|x86.Build.0 = Release|Any CPU
		{C7C26CCB-994E-41FB-B7EE-17B8BC0367DA}.Debug|Any CPU.ActiveCfg = Debug|Any CPU
		{C7C26CCB-994E-41FB-B7EE-17B8BC0367DA}.Debug|Any CPU.Build.0 = Debug|Any CPU
		{C7C26CCB-994E-41FB-B7EE-17B8BC0367DA}.Debug|x64.ActiveCfg = Debug|Any CPU
		{C7C26CCB-994E-41FB-B7EE-17B8BC0367DA}.Debug|x64.Build.0 = Debug|Any CPU
		{C7C26CCB-994E-41FB-B7EE-17B8BC0367DA}.Debug|x86.ActiveCfg = Debug|Any CPU
		{C7C26CCB-994E-41FB-B7EE-17B8BC0367DA}.Debug|x86.Build.0 = Debug|Any CPU
		{C7C26CCB-994E-41FB-B7EE-17B8BC0367DA}.Release|Any CPU.ActiveCfg = Release|Any CPU
		{C7C26CCB-994E-41FB-B7EE-17B8BC0367DA}.Release|Any CPU.Build.0 = Release|Any CPU
		{C7C26CCB-994E-41FB-B7EE-17B8BC0367DA}.Release|x64.ActiveCfg = Release|Any CPU
		{C7C26CCB-994E-41FB-B7EE-17B8BC0367DA}.Release|x64.Build.0 = Release|Any CPU
		{C7C26CCB-994E-41FB-B7EE-17B8BC0367DA}.Release|x86.ActiveCfg = Release|Any CPU
		{C7C26CCB-994E-41FB-B7EE-17B8BC0367DA}.Release|x86.Build.0 = Release|Any CPU
		{AE0C745B-020A-4EB6-8DC1-EA15D085333B}.Debug|Any CPU.ActiveCfg = Debug|Any CPU
		{AE0C745B-020A-4EB6-8DC1-EA15D085333B}.Debug|Any CPU.Build.0 = Debug|Any CPU
		{AE0C745B-020A-4EB6-8DC1-EA15D085333B}.Debug|x64.ActiveCfg = Debug|Any CPU
		{AE0C745B-020A-4EB6-8DC1-EA15D085333B}.Debug|x64.Build.0 = Debug|Any CPU
		{AE0C745B-020A-4EB6-8DC1-EA15D085333B}.Debug|x86.ActiveCfg = Debug|Any CPU
		{AE0C745B-020A-4EB6-8DC1-EA15D085333B}.Debug|x86.Build.0 = Debug|Any CPU
		{AE0C745B-020A-4EB6-8DC1-EA15D085333B}.Release|Any CPU.ActiveCfg = Release|Any CPU
		{AE0C745B-020A-4EB6-8DC1-EA15D085333B}.Release|Any CPU.Build.0 = Release|Any CPU
		{AE0C745B-020A-4EB6-8DC1-EA15D085333B}.Release|x64.ActiveCfg = Release|Any CPU
		{AE0C745B-020A-4EB6-8DC1-EA15D085333B}.Release|x64.Build.0 = Release|Any CPU
		{AE0C745B-020A-4EB6-8DC1-EA15D085333B}.Release|x86.ActiveCfg = Release|Any CPU
		{AE0C745B-020A-4EB6-8DC1-EA15D085333B}.Release|x86.Build.0 = Release|Any CPU
		{D6C2FB6D-19AC-4D95-9A16-BA312F10F2E0}.Debug|Any CPU.ActiveCfg = Debug|Any CPU
		{D6C2FB6D-19AC-4D95-9A16-BA312F10F2E0}.Debug|Any CPU.Build.0 = Debug|Any CPU
		{D6C2FB6D-19AC-4D95-9A16-BA312F10F2E0}.Debug|x64.ActiveCfg = Debug|Any CPU
		{D6C2FB6D-19AC-4D95-9A16-BA312F10F2E0}.Debug|x64.Build.0 = Debug|Any CPU
		{D6C2FB6D-19AC-4D95-9A16-BA312F10F2E0}.Debug|x86.ActiveCfg = Debug|Any CPU
		{D6C2FB6D-19AC-4D95-9A16-BA312F10F2E0}.Debug|x86.Build.0 = Debug|Any CPU
		{D6C2FB6D-19AC-4D95-9A16-BA312F10F2E0}.Release|Any CPU.ActiveCfg = Release|Any CPU
		{D6C2FB6D-19AC-4D95-9A16-BA312F10F2E0}.Release|Any CPU.Build.0 = Release|Any CPU
		{D6C2FB6D-19AC-4D95-9A16-BA312F10F2E0}.Release|x64.ActiveCfg = Release|Any CPU
		{D6C2FB6D-19AC-4D95-9A16-BA312F10F2E0}.Release|x64.Build.0 = Release|Any CPU
		{D6C2FB6D-19AC-4D95-9A16-BA312F10F2E0}.Release|x86.ActiveCfg = Release|Any CPU
		{D6C2FB6D-19AC-4D95-9A16-BA312F10F2E0}.Release|x86.Build.0 = Release|Any CPU
		{C54DADEA-5F72-4E1A-B46E-3A9FD0493869}.Debug|Any CPU.ActiveCfg = Debug|Any CPU
		{C54DADEA-5F72-4E1A-B46E-3A9FD0493869}.Debug|Any CPU.Build.0 = Debug|Any CPU
		{C54DADEA-5F72-4E1A-B46E-3A9FD0493869}.Debug|x64.ActiveCfg = Debug|Any CPU
		{C54DADEA-5F72-4E1A-B46E-3A9FD0493869}.Debug|x64.Build.0 = Debug|Any CPU
		{C54DADEA-5F72-4E1A-B46E-3A9FD0493869}.Debug|x86.ActiveCfg = Debug|Any CPU
		{C54DADEA-5F72-4E1A-B46E-3A9FD0493869}.Debug|x86.Build.0 = Debug|Any CPU
		{C54DADEA-5F72-4E1A-B46E-3A9FD0493869}.Release|Any CPU.ActiveCfg = Release|Any CPU
		{C54DADEA-5F72-4E1A-B46E-3A9FD0493869}.Release|Any CPU.Build.0 = Release|Any CPU
		{C54DADEA-5F72-4E1A-B46E-3A9FD0493869}.Release|x64.ActiveCfg = Release|Any CPU
		{C54DADEA-5F72-4E1A-B46E-3A9FD0493869}.Release|x64.Build.0 = Release|Any CPU
		{C54DADEA-5F72-4E1A-B46E-3A9FD0493869}.Release|x86.ActiveCfg = Release|Any CPU
		{C54DADEA-5F72-4E1A-B46E-3A9FD0493869}.Release|x86.Build.0 = Release|Any CPU
		{B23AF082-AB59-49F0-8E18-8C0A587835C9}.Debug|Any CPU.ActiveCfg = Debug|Any CPU
		{B23AF082-AB59-49F0-8E18-8C0A587835C9}.Debug|Any CPU.Build.0 = Debug|Any CPU
		{B23AF082-AB59-49F0-8E18-8C0A587835C9}.Debug|x64.ActiveCfg = Debug|Any CPU
		{B23AF082-AB59-49F0-8E18-8C0A587835C9}.Debug|x64.Build.0 = Debug|Any CPU
		{B23AF082-AB59-49F0-8E18-8C0A587835C9}.Debug|x86.ActiveCfg = Debug|Any CPU
		{B23AF082-AB59-49F0-8E18-8C0A587835C9}.Debug|x86.Build.0 = Debug|Any CPU
		{B23AF082-AB59-49F0-8E18-8C0A587835C9}.Release|Any CPU.ActiveCfg = Release|Any CPU
		{B23AF082-AB59-49F0-8E18-8C0A587835C9}.Release|Any CPU.Build.0 = Release|Any CPU
		{B23AF082-AB59-49F0-8E18-8C0A587835C9}.Release|x64.ActiveCfg = Release|Any CPU
		{B23AF082-AB59-49F0-8E18-8C0A587835C9}.Release|x64.Build.0 = Release|Any CPU
		{B23AF082-AB59-49F0-8E18-8C0A587835C9}.Release|x86.ActiveCfg = Release|Any CPU
		{B23AF082-AB59-49F0-8E18-8C0A587835C9}.Release|x86.Build.0 = Release|Any CPU
		{3D2B86E3-CFE8-4346-90A5-16BBBBD40D8D}.Debug|Any CPU.ActiveCfg = Debug|Any CPU
		{3D2B86E3-CFE8-4346-90A5-16BBBBD40D8D}.Debug|Any CPU.Build.0 = Debug|Any CPU
		{3D2B86E3-CFE8-4346-90A5-16BBBBD40D8D}.Debug|x64.ActiveCfg = Debug|Any CPU
		{3D2B86E3-CFE8-4346-90A5-16BBBBD40D8D}.Debug|x64.Build.0 = Debug|Any CPU
		{3D2B86E3-CFE8-4346-90A5-16BBBBD40D8D}.Debug|x86.ActiveCfg = Debug|Any CPU
		{3D2B86E3-CFE8-4346-90A5-16BBBBD40D8D}.Debug|x86.Build.0 = Debug|Any CPU
		{3D2B86E3-CFE8-4346-90A5-16BBBBD40D8D}.Release|Any CPU.ActiveCfg = Release|Any CPU
		{3D2B86E3-CFE8-4346-90A5-16BBBBD40D8D}.Release|Any CPU.Build.0 = Release|Any CPU
		{3D2B86E3-CFE8-4346-90A5-16BBBBD40D8D}.Release|x64.ActiveCfg = Release|Any CPU
		{3D2B86E3-CFE8-4346-90A5-16BBBBD40D8D}.Release|x64.Build.0 = Release|Any CPU
		{3D2B86E3-CFE8-4346-90A5-16BBBBD40D8D}.Release|x86.ActiveCfg = Release|Any CPU
		{3D2B86E3-CFE8-4346-90A5-16BBBBD40D8D}.Release|x86.Build.0 = Release|Any CPU
		{A0DEADA9-B32E-4B40-944D-56B48D7B18D9}.Debug|Any CPU.ActiveCfg = Debug|Any CPU
		{A0DEADA9-B32E-4B40-944D-56B48D7B18D9}.Debug|Any CPU.Build.0 = Debug|Any CPU
		{A0DEADA9-B32E-4B40-944D-56B48D7B18D9}.Debug|x64.ActiveCfg = Debug|Any CPU
		{A0DEADA9-B32E-4B40-944D-56B48D7B18D9}.Debug|x64.Build.0 = Debug|Any CPU
		{A0DEADA9-B32E-4B40-944D-56B48D7B18D9}.Debug|x86.ActiveCfg = Debug|Any CPU
		{A0DEADA9-B32E-4B40-944D-56B48D7B18D9}.Debug|x86.Build.0 = Debug|Any CPU
		{A0DEADA9-B32E-4B40-944D-56B48D7B18D9}.Release|Any CPU.ActiveCfg = Release|Any CPU
		{A0DEADA9-B32E-4B40-944D-56B48D7B18D9}.Release|Any CPU.Build.0 = Release|Any CPU
		{A0DEADA9-B32E-4B40-944D-56B48D7B18D9}.Release|x64.ActiveCfg = Release|Any CPU
		{A0DEADA9-B32E-4B40-944D-56B48D7B18D9}.Release|x64.Build.0 = Release|Any CPU
		{A0DEADA9-B32E-4B40-944D-56B48D7B18D9}.Release|x86.ActiveCfg = Release|Any CPU
		{A0DEADA9-B32E-4B40-944D-56B48D7B18D9}.Release|x86.Build.0 = Release|Any CPU
	EndGlobalSection
	GlobalSection(SolutionProperties) = preSolution
		HideSolutionNode = FALSE
	EndGlobalSection
	GlobalSection(NestedProjects) = preSolution
		{F18D87F1-44C6-4070-ABD3-B06C866FBB8B} = {28251423-8E50-9DF4-F913-DC1FAAA673F1}
		{342B8BC4-EB81-4B93-8A39-C4CF547A7476} = {AE49D761-A782-2099-29A5-159B937B43CB}
		{CBDF08B5-A543-4866-BB62-A02FFE838117} = {827E0CD3-B72D-47B6-A68D-7590B98EB39B}
		{82246ECC-03A2-4F18-AAEB-E0654E898199} = {827E0CD3-B72D-47B6-A68D-7590B98EB39B}
		{3567AE8E-6A45-46E8-A19D-EDFE3B30B0F4} = {827E0CD3-B72D-47B6-A68D-7590B98EB39B}
		{4E909BEE-2791-4D35-B788-559A73A14044} = {827E0CD3-B72D-47B6-A68D-7590B98EB39B}
		{ABF9651E-F605-43AF-B3AC-B4D98CD44248} = {0AB3BF05-4346-4AA6-1389-037BE0695223}
		{7715F259-6A17-4019-ACFA-56D501F020BD} = {0AB3BF05-4346-4AA6-1389-037BE0695223}
		{633EAA57-2F72-4B99-9869-1D9BE569892C} = {0AB3BF05-4346-4AA6-1389-037BE0695223}
		{DC3A7363-4A8B-4BBE-A7D2-AE008D269BB3} = {0AB3BF05-4346-4AA6-1389-037BE0695223}
		{C7C26CCB-994E-41FB-B7EE-17B8BC0367DA} = {07C2787E-EAC7-C090-1BA3-A61EC2A24D84}
		{AE0C745B-020A-4EB6-8DC1-EA15D085333B} = {07C2787E-EAC7-C090-1BA3-A61EC2A24D84}
		{D6C2FB6D-19AC-4D95-9A16-BA312F10F2E0} = {07C2787E-EAC7-C090-1BA3-A61EC2A24D84}
		{C54DADEA-5F72-4E1A-B46E-3A9FD0493869} = {0AB3BF05-4346-4AA6-1389-037BE0695223}
		{B23AF082-AB59-49F0-8E18-8C0A587835C9} = {0AB3BF05-4346-4AA6-1389-037BE0695223}
		{3D2B86E3-CFE8-4346-90A5-16BBBBD40D8D} = {0AB3BF05-4346-4AA6-1389-037BE0695223}
		{A0DEADA9-B32E-4B40-944D-56B48D7B18D9} = {0AB3BF05-4346-4AA6-1389-037BE0695223}
	EndGlobalSection
EndGlobal
